{
  "packages": {
    "@fomean/lvn-duel": {
      "ref": "file:packages/lvn-duel",
      "files": {
        "README.md": "b33dceb1635efc7ec9605ac1f9fa1cd31b55426338136ff5d695cbedc38892ca",
        "assets/enemies/skeleton_attack.png": "255fa4387b05abdddde17a3434dc2c0ab8c7e622e70ac3695af3a62aac43bd72",
        "assets/enemies/skeleton_block.png": "d4fa5b6c7048d5da1ea1cebb2dff35623672052eeb881c1f5c7d9640c9eef1f4",
        "assets/enemies/skeleton_block2.png": "24a3b50fcb4fd71b19155cc172ea3633b4e7f3f64bf4be7d54ebf137b3642db3",
        "assets/enemies/skeleton_hurt.png": "908398de22879d6417b6853c561e0860ce5c7245396a88f677405f7234be721d",
        "assets/enemies/skeleton_idle.png": "df0a2356afca7d3e59c38fae11167961f028bcb5ea3499e23af48915a137d938",
        "assets/enemies/skeleton_strike.png": "59519c4971ba93895021e2b9f81f4d2a7e514edb23f6db90af653dc562f6a25a",
        "assets/enemies/skeleton_stun.png": "2634cd730673325ed9897b977f4459e88ea8097fb9c7a7e938dac07324aa4f7a",
        "assets/fp/hands_sword_attack.png": "8c3c7c76e43243e7c4ffe8bbdfb183e65acf3218f16e05c183c3b3d2fb91b91f",
        "assets/fp/hands_sword_block.png": "536e37ae1c37623cc7780b905294b3d6be22335e0b9c41c2c4d91e4e3cd47572",
        "assets/fp/hands_sword_idle.png": "f95e55f559b79306ee02cbf0b532c2bdd6aabda244430349b482a4e24712841e",
        "assets/ui/bar_back.png": "8f7b90d9d782d9b42a1f934006f9eba6d94f4b347148fcd95db2c46c344f4f5f",
        "assets/ui/bar_foe.png": "91d30137d1f424197f568b43711cbb695dea4af8e651f1404fc26450c4ecd746",
        "assets/ui/bar_hero.png": "c553eca1b9581cf8872d0ebe82494890ed5b108b347530f532a07ec2346b7b72",
        "assets/ui/bg_yard.png": "d9e663c093c7974f647e9f05e3e5851ac29473a3c0fc248685cb0aca626b681d",
        "assets/ui/cell_draw.png": "d4f56ef38045e38b78803148241b55a403e03d7eec1c6a5586103c474a566890",
        "assets/ui/cell_hidden.png": "4c97bdc879a5a132096889f83a59c1fc5f8714e753f543ea0c60023462c63065",
        "assets/ui/cell_lose.png": "718ddb5a2ca12b551149b9a1a7813938e0bbcd42e1b481973540ee9e8721b158",
        "assets/ui/cell_none.png": "eea818f319c6c7e1f38947f0ee13fb3d980f574dd4782c076a00321c4e49018a",
        "assets/ui/cell_win.png": "b72ec5dc0f1305462d984737a3646a83c42b6257ce4efe15761f842b1bea25ca",
        "assets/ui/icon_again.png": "e5dca1c54a82aa7ab59835627044ab3399451a5776e065871805698fcba2b98c",
        "assets/ui/icon_aura.png": "ef4dbd5f0195e61c6a9f18a183610e3c7a346f1a15a7393624a3407fadda380b",
        "assets/ui/icon_block.png": "4c20d1ae268ebdaf6c26da93d5652aaa3c37ce11fdba79c1a853e82a8e6995b5",
        "assets/ui/icon_break.png": "e1ade3ca04ab28c6eea984ce63d970245cb0b3e5c41ace431442e861278c72a8",
        "assets/ui/icon_close.png": "c528c74745cc609770347ab367276f578aea85f761ac77d11d056319423cbaef",
        "assets/ui/icon_despair.png": "9ac26853ab8417705b96b8002b8a7ccd981e2f39ad8292c2b666b26b3a356d8d",
        "assets/ui/icon_ghost.png": "310bbac98afab1ee5d7733d065086eb0f1f9bb100c486683011560f47ece434e",
        "assets/ui/icon_might.png": "b54006712cd70990eafb995efd1346b047dec4e0c5c97eaa7130078b85ef6cd3",
        "assets/ui/icon_none.png": "e0f89dc98bc3cd5e36fe43afbf3d9ce142f69be881931e0a9733700e0df30628",
        "assets/ui/icon_reset.png": "886b7f57996b6c0773d011cdb680581ea3502b105ee46ff42d826599e1fea9de",
        "assets/ui/icon_restart.png": "e5dca1c54a82aa7ab59835627044ab3399451a5776e065871805698fcba2b98c",
        "assets/ui/icon_strike.png": "5b89b599a9fed2b83200618b110d0bbbd89258b78ece32c3ce34708d8b6a6767",
        "assets/ui/icon_stun.png": "6b1baf0ebd242d10f7978daa4301adddd992aa9aad770f6fa390546531bedce5",
        "assets/ui/icon_tree.png": "9b260df7ffe31252ff2a692734a74341171ef36f9ecd118802638186759e5144",
        "assets/ui/icon_vampire.png": "a3f0c07a58a2d2df993ac476e26123c29f9c05e1412542301c5dde61eaf7dada",
        "assets/ui/icon_vitality.png": "6e5dc776aa6a51396ad6121d81a13fb59a9f2c928c73cb42f4e08868e33e1346",
        "assets/ui/icon_will.png": "7c94881484e692a8c50f972619a24ec7fd14ba20914958c02db2842ff200e60e",
        "assets/ui/icon_win.png": "3df66ad8cd89f7b1262ec41df82e1fb44269d072fcb089a44958d4aa1792b0f9",
        "assets/ui/panel_dark.png": "6904dbe614f867f7eeab61418ba6cb3b974ffc874861e98b9e3297a85c0aff9b",
        "assets/ui/slot_empty.png": "6fa519fae5d14b2a412161b6e2363d5e7e51535fad72e1428d32bda12cee8396",
        "duel.lvns": "7a1f000f3f7cdbe498e22ca14d3122ed8a6966aaa75b0af853770cb7f084c934",
        "lvns.package.json": "2fab17d99dc0dd8b6001c3ffd33c7e1e4596408fa55d9348cda9a60c82f2478a"
      }
    },
    "@fomean/lvn-uikit": {
      "ref": "file:packages/lvn-uikit",
      "files": {
        "LICENSE": "437a9c61bc15c9eafcd1493e35698d7309f5a85e4f6a855af5a3012739df1326",
        "README.md": "fb06a9d8927154129aa1140b8d0e7a4dcb77c4eec0d07a7abf584d1c5ca0bd90",
        "assets/ui/badge_plate.png": "d7fc81d3a36c9e094f287675f7f1f373e613c7935464642168781d4de053cfc7",
        "assets/ui/bar_fill_hp.png": "6bd32d577107cac314414ca8d716de6e7c1f1bfcbac07a37987315b31df56eb3",
        "assets/ui/bar_fill_resource.png": "0384ee3479b728c2f8045385875e332759602f17fdd360b80269eddaa36bf0ff",
        "assets/ui/bar_track.png": "78db8289e18995bb56c11b30b8f034505f33550c427c08b6d27152f11cd1d3d6",
        "assets/ui/hud_plate.png": "121bdc950a1b87c0cfe155953e32296b15d7bc4577da039983db4714aaea14af",
        "assets/ui/info_panel.png": "315aa75a91d89fa38618996b408f4afa0822081a18f12d6994e61aba51dc2482",
        "assets/ui/modal_panel.png": "5f479005c8f28b0c8677572b3e91ba46686c8b3c1d9367370298bc8cf23ece84",
        "badge.lvns": "a831b83b458f9cc0579ae6a2fecbeb2aefb481e5f9a32864b64d8515c29345a1",
        "core.lvns": "835371d7d5a3eedffe98265e095c11c840f68cd392a30b569b626ddd4e983b6a",
        "examples/demo.lvns": "06b4b04b669020bd18ef9ef45929a84f356e672150d0172dbe137f8b8f717be6",
        "hp-bar.lvns": "716531ec0e42f3372c7704019932614e369941c098b20c8f58be852defd21260",
        "hud.lvns": "d3a278cef207e56e0388db000159002616f1149bd7aa71850f4a98a6d97445e1",
        "lvns.package.json": "489486dc44a9cdf94741c5845da2080424dad2e9727198c6d423c64067ffa442",
        "panel.lvns": "30c3a0529b83ff84564cc2b3bdc72778f700624a029575a04ef9f5bfcc7213d9",
        "resource-bar.lvns": "e42204ca9780b599c3558e9fe9eb3ecd000ab67f117f726484e4e247e31e922e"
      }
    }
  }
}
